
Microsoft Visual Studio Solution File, Format Version 12.00
# Visual Studio 15
VisualStudioVersion = 15.0.27703.2035
MinimumVisualStudioVersion = 10.0.40219.1
Project("{FAE04EC0-301F-11D3-BF4B-00C04F79EFBC}") = "WindowsFormsAppTestCreate", "WindowsFormsAppTestCreate\WindowsFormsAppTestCreate.csproj", "{C5E176B8-1270-4B72-AB18-860732DE0CBE}"
EndProject
Global
	GlobalSection(SolutionConfigurationPlatforms) = preSolution
		Debug|Any CPU = Debug|Any CPU
		Release|Any CPU = Release|Any CPU
	EndGlobalSection
	GlobalSection(ProjectConfigurationPlatforms) = postSolution
		{C5E176B8-1270-4B72-AB18-860732DE0CBE}.Debug|Any CPU.ActiveCfg = Debug|Any CPU
		{C5E176B8-1270-4B72-AB18-860732DE0CBE}.Debug|Any CPU.Build.0 = Debug|Any CPU
		{C5E176B8-1270-4B72-AB18-860732DE0CBE}.Release|Any CPU.ActiveCfg = Release|Any CPU
		{C5E176B8-1270-4B72-AB18-860732DE0CBE}.Release|Any CPU.Build.0 = Release|Any CPU
	EndGlobalSection
	GlobalSection(SolutionProperties) = preSolution
		HideSolutionNode = FALSE
	EndGlobalSection
	GlobalSection(ExtensibilityGlobals) = postSolution
		SolutionGuid = {E4DAAD13-CAD9-4D2C-8312-4847C296D21F}
	EndGlobalSection
EndGlobal
